
Microsoft Visual Studio Solution File, Format Version 12.00
# Visual Studio Version 17
VisualStudioVersion = 17.0.31903.59
MinimumVisualStudioVersion = 10.0.40219.1
Project("{2150E333-8FDC-42A3-9474-1A3956D46DE8}") = "src", "src", "{7A37E36B-0A33-409B-9F8F-EA37DEF10943}"
EndProject
Project("{FAE04EC0-301F-11D3-BF4B-00C04F79EFBC}") = "TodoService.Api", "src\TodoService.Api\TodoService.Api.csproj", "{716E2621-459E-493E-868F-86E2D5C6FB78}"
EndProject
Project("{FAE04EC0-301F-11D3-BF4B-00C04F79EFBC}") = "TodoService.Biz", "src\TodoService.Biz\TodoService.Biz.csproj", "{E34E1B75-3AF8-44A2-9795-DE2EC0A5DD0C}"
EndProject
Project("{FAE04EC0-301F-11D3-BF4B-00C04F79EFBC}") = "TodoService.Infrastructure", "src\TodoService.Infrastructure\TodoService.Infrastructure.csproj", "{D37B9AD1-B27A-424B-ABCA-AF9A5CF75A54}"
EndProject
Project("{2150E333-8FDC-42A3-9474-1A3956D46DE8}") = "tests", "tests", "{417EBEE9-3B83-4400-81DF-71E234BAB3EE}"
EndProject
Project("{FAE04EC0-301F-11D3-BF4B-00C04F79EFBC}") = "TodoService.UnitTests", "tests\TodoService.UnitTests\TodoService.UnitTests.csproj", "{395D08D2-68B8-45F3-BDB0-7EC268333B8A}"
EndProject
Global
	GlobalSection(SolutionConfigurationPlatforms) = preSolution
		Debug|Any CPU = Debug|Any CPU
		Release|Any CPU = Release|Any CPU
	EndGlobalSection
	GlobalSection(SolutionProperties) = preSolution
		HideSolutionNode = FALSE
	EndGlobalSection
	GlobalSection(ProjectConfigurationPlatforms) = postSolution
		{716E2621-459E-493E-868F-86E2D5C6FB78}.Debug|Any CPU.ActiveCfg = Debug|Any CPU
		{716E2621-459E-493E-868F-86E2D5C6FB78}.Debug|Any CPU.Build.0 = Debug|Any CPU
		{716E2621-459E-493E-868F-86E2D5C6FB78}.Release|Any CPU.ActiveCfg = Release|Any CPU
		{716E2621-459E-493E-868F-86E2D5C6FB78}.Release|Any CPU.Build.0 = Release|Any CPU
		{E34E1B75-3AF8-44A2-9795-DE2EC0A5DD0C}.Debug|Any CPU.ActiveCfg = Debug|Any CPU
		{E34E1B75-3AF8-44A2-9795-DE2EC0A5DD0C}.Debug|Any CPU.Build.0 = Debug|Any CPU
		{E34E1B75-3AF8-44A2-9795-DE2EC0A5DD0C}.Release|Any CPU.ActiveCfg = Release|Any CPU
		{E34E1B75-3AF8-44A2-9795-DE2EC0A5DD0C}.Release|Any CPU.Build.0 = Release|Any CPU
		{D37B9AD1-B27A-424B-ABCA-AF9A5CF75A54}.Debug|Any CPU.ActiveCfg = Debug|Any CPU
		{D37B9AD1-B27A-424B-ABCA-AF9A5CF75A54}.Debug|Any CPU.Build.0 = Debug|Any CPU
		{D37B9AD1-B27A-424B-ABCA-AF9A5CF75A54}.Release|Any CPU.ActiveCfg = Release|Any CPU
		{D37B9AD1-B27A-424B-ABCA-AF9A5CF75A54}.Release|Any CPU.Build.0 = Release|Any CPU
		{395D08D2-68B8-45F3-BDB0-7EC268333B8A}.Debug|Any CPU.ActiveCfg = Debug|Any CPU
		{395D08D2-68B8-45F3-BDB0-7EC268333B8A}.Debug|Any CPU.Build.0 = Debug|Any CPU
		{395D08D2-68B8-45F3-BDB0-7EC268333B8A}.Release|Any CPU.ActiveCfg = Release|Any CPU
		{395D08D2-68B8-45F3-BDB0-7EC268333B8A}.Release|Any CPU.Build.0 = Release|Any CPU
	EndGlobalSection
	GlobalSection(NestedProjects) = preSolution
		{716E2621-459E-493E-868F-86E2D5C6FB78} = {7A37E36B-0A33-409B-9F8F-EA37DEF10943}
		{E34E1B75-3AF8-44A2-9795-DE2EC0A5DD0C} = {7A37E36B-0A33-409B-9F8F-EA37DEF10943}
		{D37B9AD1-B27A-424B-ABCA-AF9A5CF75A54} = {7A37E36B-0A33-409B-9F8F-EA37DEF10943}
		{395D08D2-68B8-45F3-BDB0-7EC268333B8A} = {417EBEE9-3B83-4400-81DF-71E234BAB3EE}
	EndGlobalSection
EndGlobal
